Microsoft Visual Studio Solution File, Format Version 12.00
# Visual Studio 15
VisualStudioVersion = 15.0.27130.2010
MinimumVisualStudioVersion = 10.0.40219.1
Project("{D954291E-2A0B-460D-934E-DC6B0785DB48}") = "MessagingSample", "MessagingSample\MessagingSample.shproj", "{E1F4842D-ECE5-4208-93BE-3B3CE0D68160}"
EndProject
Project("{FAE04EC0-301F-11D3-BF4B-00C04F79EFBC}") = "MessagingSample.iOS", "iOS\MessagingSample.iOS.csproj", "{D4C6CB62-B5D6-409A-A42B-0E584CCFCE7D}"
EndProject
Project("{FAE04EC0-301F-11D3-BF4B-00C04F79EFBC}") = "MessagingSample.Droid", "Droid\MessagingSample.Droid.csproj", "{37A792B6-3057-4D44-B661-3A9D57A1D9BD}"
EndProject
Project("{FAE04EC0-301F-11D3-BF4B-00C04F79EFBC}") = "MessagingSample.UWP", "MessagingSample.UWP\MessagingSample.UWP.csproj", "{13690382-4E71-4F90-8679-DE2DCF83BBD3}"
EndProject
Global
	GlobalSection(SharedMSBuildProjectFiles) = preSolution
		MessagingSample\MessagingSample.projitems*{13690382-4e71-4f90-8679-de2dcf83bbd3}*SharedItemsImports = 4
		MessagingSample\MessagingSample.projitems*{37a792b6-3057-4d44-b661-3a9d57a1d9bd}*SharedItemsImports = 4
		MessagingSample\MessagingSample.projitems*{d4c6cb62-b5d6-409a-a42b-0e584ccfce7d}*SharedItemsImports = 4
		MessagingSample\MessagingSample.projitems*{e1f4842d-ece5-4208-93be-3b3ce0d68160}*SharedItemsImports = 13
	EndGlobalSection
	GlobalSection(SolutionConfigurationPlatforms) = preSolution
		Debug|Any CPU = Debug|Any CPU
		Debug|ARM = Debug|ARM
		Debug|iPhone = Debug|iPhone
		Debug|iPhoneSimulator = Debug|iPhoneSimulator
		Debug|x64 = Debug|x64
		Debug|x86 = Debug|x86
		Release|Any CPU = Release|Any CPU
		Release|ARM = Release|ARM
		Release|iPhone = Release|iPhone
		Release|iPhoneSimulator = Release|iPhoneSimulator
		Release|x64 = Release|x64
		Release|x86 = Release|x86
	EndGlobalSection
	GlobalSection(ProjectConfigurationPlatforms) = postSolution
		{D4C6CB62-B5D6-409A-A42B-0E584CCFCE7D}.Debug|Any CPU.ActiveCfg = Debug|iPhoneSimulator
		{D4C6CB62-B5D6-409A-A42B-0E584CCFCE7D}.Debug|Any CPU.Build.0 = Debug|iPhoneSimulator
		{D4C6CB62-B5D6-409A-A42B-0E584CCFCE7D}.Debug|ARM.ActiveCfg = Debug|iPhone
		{D4C6CB62-B5D6-409A-A42B-0E584CCFCE7D}.Debug|iPhone.ActiveCfg = Debug|iPhone
		{D4C6CB62-B5D6-409A-A42B-0E584CCFCE7D}.Debug|iPhone.Build.0 = Debug|iPhone
		{D4C6CB62-B5D6-409A-A42B-0E584CCFCE7D}.Debug|iPhoneSimulator.ActiveCfg = Debug|iPhoneSimulator
		{D4C6CB62-B5D6-409A-A42B-0E584CCFCE7D}.Debug|iPhoneSimulator.Build.0 = Debug|iPhoneSimulator
		{D4C6CB62-B5D6-409A-A42B-0E584CCFCE7D}.Debug|x64.ActiveCfg = Debug|iPhone
		{D4C6CB62-B5D6-409A-A42B-0E584CCFCE7D}.Debug|x86.ActiveCfg = Debug|iPhone
		{D4C6CB62-B5D6-409A-A42B-0E584CCFCE7D}.Release|Any CPU.ActiveCfg = Release|iPhone
		{D4C6CB62-B5D6-409A-A42B-0E584CCFCE7D}.Release|Any CPU.Build.0 = Release|iPhone
		{D4C6CB62-B5D6-409A-A42B-0E584CCFCE7D}.Release|ARM.ActiveCfg = Release|iPhoneSimulator
		{D4C6CB62-B5D6-409A-A42B-0E584CCFCE7D}.Release|iPhone.ActiveCfg = Release|iPhone
		{D4C6CB62-B5D6-409A-A42B-0E584CCFCE7D}.Release|iPhone.Build.0 = Release|iPhone
		{D4C6CB62-B5D6-409A-A42B-0E584CCFCE7D}.Release|iPhoneSimulator.ActiveCfg = Release|iPhoneSimulator
		{D4C6CB62-B5D6-409A-A42B-0E584CCFCE7D}.Release|iPhoneSimulator.Build.0 = Release|iPhoneSimulator
		{D4C6CB62-B5D6-409A-A42B-0E584CCFCE7D}.Release|x64.ActiveCfg = Release|iPhoneSimulator
		{D4C6CB62-B5D6-409A-A42B-0E584CCFCE7D}.Release|x86.ActiveCfg = Release|iPhoneSimulator
		{37A792B6-3057-4D44-B661-3A9D57A1D9BD}.Debug|Any CPU.ActiveCfg = Debug|Any CPU
		{37A792B6-3057-4D44-B661-3A9D57A1D9BD}.Debug|Any CPU.Build.0 = Debug|Any CPU
		{37A792B6-3057-4D44-B661-3A9D57A1D9BD}.Debug|ARM.ActiveCfg = Debug|Any CPU
		{37A792B6-3057-4D44-B661-3A9D57A1D9BD}.Debug|ARM.Build.0 = Debug|Any CPU
		{37A792B6-3057-4D44-B661-3A9D57A1D9BD}.Debug|ARM.Deploy.0 = Debug|Any CPU
		{37A792B6-3057-4D44-B661-3A9D57A1D9BD}.Debug|iPhone.ActiveCfg = Debug|Any CPU
		{37A792B6-3057-4D44-B661-3A9D57A1D9BD}.Debug|iPhone.Build.0 = Debug|Any CPU
		{37A792B6-3057-4D44-B661-3A9D57A1D9BD}.Debug|iPhoneSimulator.ActiveCfg = Debug|Any CPU
		{37A792B6-3057-4D44-B661-3A9D57A1D9BD}.Debug|iPhoneSimulator.Build.0 = Debug|Any CPU
		{37A792B6-3057-4D44-B661-3A9D57A1D9BD}.Debug|x64.ActiveCfg = Debug|Any CPU
		{37A792B6-3057-4D44-B661-3A9D57A1D9BD}.Debug|x64.Build.0 = Debug|Any CPU
		{37A792B6-3057-4D44-B661-3A9D57A1D9BD}.Debug|x64.Deploy.0 = Debug|Any CPU
		{37A792B6-3057-4D44-B661-3A9D57A1D9BD}.Debug|x86.ActiveCfg = Debug|Any CPU
		{37A792B6-3057-4D44-B661-3A9D57A1D9BD}.Debug|x86.Build.0 = Debug|Any CPU
		{37A792B6-3057-4D44-B661-3A9D57A1D9BD}.Debug|x86.Deploy.0 = Debug|Any CPU
		{37A792B6-3057-4D44-B661-3A9D57A1D9BD}.Release|Any CPU.ActiveCfg = Release|Any CPU
		{37A792B6-3057-4D44-B661-3A9D57A1D9BD}.Release|Any CPU.Build.0 = Release|Any CPU
		{37A792B6-3057-4D44-B661-3A9D57A1D9BD}.Release|ARM.ActiveCfg = Release|Any CPU
		{37A792B6-3057-4D44-B661-3A9D57A1D9BD}.Release|ARM.Build.0 = Release|Any CPU
		{37A792B6-3057-4D44-B661-3A9D57A1D9BD}.Release|ARM.Deploy.0 = Release|Any CPU
		{37A792B6-3057-4D44-B661-3A9D57A1D9BD}.Release|iPhone.ActiveCfg = Release|Any CPU
		{37A792B6-3057-4D44-B661-3A9D57A1D9BD}.Release|iPhone.Build.0 = Release|Any CPU
		{37A792B6-3057-4D44-B661-3A9D57A1D9BD}.Release|iPhoneSimulator.ActiveCfg = Release|Any CPU
		{37A792B6-3057-4D44-B661-3A9D57A1D9BD}.Release|iPhoneSimulator.Build.0 = Release|Any CPU
		{37A792B6-3057-4D44-B661-3A9D57A1D9BD}.Release|x64.ActiveCfg = Release|Any CPU
		{37A792B6-3057-4D44-B661-3A9D57A1D9BD}.Release|x64.Build.0 = Release|Any CPU
		{37A792B6-3057-4D44-B661-3A9D57A1D9BD}.Release|x64.Deploy.0 = Release|Any CPU
		{37A792B6-3057-4D44-B661-3A9D57A1D9BD}.Release|x86.ActiveCfg = Release|Any CPU
		{37A792B6-3057-4D44-B661-3A9D57A1D9BD}.Release|x86.Build.0 = Release|Any CPU
		{37A792B6-3057-4D44-B661-3A9D57A1D9BD}.Release|x86.Deploy.0 = Release|Any CPU
		{13690382-4E71-4F90-8679-DE2DCF83BBD3}.Debug|Any CPU.ActiveCfg = Debug|x86
		{13690382-4E71-4F90-8679-DE2DCF83BBD3}.Debug|ARM.ActiveCfg = Debug|ARM
		{13690382-4E71-4F90-8679-DE2DCF83BBD3}.Debug|ARM.Build.0 = Debug|ARM
		{13690382-4E71-4F90-8679-DE2DCF83BBD3}.Debug|ARM.Deploy.0 = Debug|ARM
		{13690382-4E71-4F90-8679-DE2DCF83BBD3}.Debug|iPhone.ActiveCfg = Debug|x86
		{13690382-4E71-4F90-8679-DE2DCF83BBD3}.Debug|iPhoneSimulator.ActiveCfg = Debug|x86
		{13690382-4E71-4F90-8679-DE2DCF83BBD3}.Debug|iPhoneSimulator.Build.0 = Debug|x86
		{13690382-4E71-4F90-8679-DE2DCF83BBD3}.Debug|iPhoneSimulator.Deploy.0 = Debug|x86
		{13690382-4E71-4F90-8679-DE2DCF83BBD3}.Debug|x64.ActiveCfg = Debug|x64
		{13690382-4E71-4F90-8679-DE2DCF83BBD3}.Debug|x64.Build.0 = Debug|x64
		{13690382-4E71-4F90-8679-DE2DCF83BBD3}.Debug|x64.Deploy.0 = Debug|x64
		{13690382-4E71-4F90-8679-DE2DCF83BBD3}.Debug|x86.ActiveCfg = Debug|x86
		{13690382-4E71-4F90-8679-DE2DCF83BBD3}.Debug|x86.Build.0 = Debug|x86
		{13690382-4E71-4F90-8679-DE2DCF83BBD3}.Debug|x86.Deploy.0 = Debug|x86
		{13690382-4E71-4F90-8679-DE2DCF83BBD3}.Release|Any CPU.ActiveCfg = Release|x86
		{13690382-4E71-4F90-8679-DE2DCF83BBD3}.Release|ARM.ActiveCfg = Release|ARM
		{13690382-4E71-4F90-8679-DE2DCF83BBD3}.Release|ARM.Build.0 = Release|ARM
		{13690382-4E71-4F90-8679-DE2DCF83BBD3}.Release|ARM.Deploy.0 = Release|ARM
		{13690382-4E71-4F90-8679-DE2DCF83BBD3}.Release|iPhone.ActiveCfg = Release|x86
		{13690382-4E71-4F90-8679-DE2DCF83BBD3}.Release|iPhoneSimulator.ActiveCfg = Release|x86
		{13690382-4E71-4F90-8679-DE2DCF83BBD3}.Release|x64.ActiveCfg = Release|x64
		{13690382-4E71-4F90-8679-DE2DCF83BBD3}.Release|x64.Build.0 = Release|x64
		{13690382-4E71-4F90-8679-DE2DCF83BBD3}.Release|x64.Deploy.0 = Release|x64
		{13690382-4E71-4F90-8679-DE2DCF83BBD3}.Release|x86.ActiveCfg = Release|x86
		{13690382-4E71-4F90-8679-DE2DCF83BBD3}.Release|x86.Build.0 = Release|x86
		{13690382-4E71-4F90-8679-DE2DCF83BBD3}.Release|x86.Deploy.0 = Release|x86
	EndGlobalSection
	GlobalSection(SolutionProperties) = preSolution
		HideSolutionNode = FALSE
	EndGlobalSection
	GlobalSection(ExtensibilityGlobals) = postSolution
		SolutionGuid = {D25E6183-6D4C-4F10-BE1E-ACDB67B48ABD}
	EndGlobalSection
EndGlobal
